
Microsoft Visual Studio Solution File, Format Version 12.00
# Visual Studio Version 17
VisualStudioVersion = 17.3.32825.248
MinimumVisualStudioVersion = 10.0.40219.1
Project("{FAE04EC0-301F-11D3-BF4B-00C04F79EFBC}") = "ClassLibrary1", "ClassLibrary1\ClassLibrary1.csproj", "{A00E1857-4FBC-4885-8662-37348EA423EF}"
EndProject
Project("{FAE04EC0-301F-11D3-BF4B-00C04F79EFBC}") = "TestProject1", "TestProject1\TestProject1.csproj", "{5D713539-95D6-48E5-ADBE-02E067008733}"
EndProject
Global
	GlobalSection(SolutionConfigurationPlatforms) = preSolution
		Debug|Any CPU = Debug|Any CPU
		Release|Any CPU = Release|Any CPU
	EndGlobalSection
	GlobalSection(ProjectConfigurationPlatforms) = postSolution
		{A00E1857-4FBC-4885-8662-37348EA423EF}.Debug|Any CPU.ActiveCfg = Debug|Any CPU
		{A00E1857-4FBC-4885-8662-37348EA423EF}.Debug|Any CPU.Build.0 = Debug|Any CPU
		{A00E1857-4FBC-4885-8662-37348EA423EF}.Release|Any CPU.ActiveCfg = Release|Any CPU
		{A00E1857-4FBC-4885-8662-37348EA423EF}.Release|Any CPU.Build.0 = Release|Any CPU
		{5D713539-95D6-48E5-ADBE-02E067008733}.Debug|Any CPU.ActiveCfg = Debug|Any CPU
		{5D713539-95D6-48E5-ADBE-02E067008733}.Debug|Any CPU.Build.0 = Debug|Any CPU
		{5D713539-95D6-48E5-ADBE-02E067008733}.Release|Any CPU.ActiveCfg = Release|Any CPU
		{5D713539-95D6-48E5-ADBE-02E067008733}.Release|Any CPU.Build.0 = Release|Any CPU
	EndGlobalSection
	GlobalSection(SolutionProperties) = preSolution
		HideSolutionNode = FALSE
	EndGlobalSection
	GlobalSection(ExtensibilityGlobals) = postSolution
		SolutionGuid = {3D2862BD-DC9E-44A9-8B70-CCD6224AD479}
	EndGlobalSection
EndGlobal
